
Microsoft Visual Studio Solution File, Format Version 12.00
# Visual Studio Version 16
VisualStudioVersion = 16.0.31402.337
MinimumVisualStudioVersion = 10.0.40219.1
Project("{FAE04EC0-301F-11D3-BF4B-00C04F79EFBC}") = "CustomerOnboardingApplication", "CustomerOnboardingApplication\CustomerOnboardingApplication.csproj", "{3C590902-8BA6-4EEA-8DFD-8DB329C3E4B2}"
EndProject
Project("{54435603-DBB4-11D2-8724-00A0C9A8B90C}") = "OnboardingApplication", "OnboardingApplication\OnboardingApplication.vdproj", "{D3A871B0-A1E6-487F-9391-63DA02F475E2}"
EndProject
Global
	GlobalSection(SolutionConfigurationPlatforms) = preSolution
		Debug|Any CPU = Debug|Any CPU
		Release|Any CPU = Release|Any CPU
	EndGlobalSection
	GlobalSection(ProjectConfigurationPlatforms) = postSolution
		{3C590902-8BA6-4EEA-8DFD-8DB329C3E4B2}.Debug|Any CPU.ActiveCfg = Debug|Any CPU
		{3C590902-8BA6-4EEA-8DFD-8DB329C3E4B2}.Debug|Any CPU.Build.0 = Debug|Any CPU
		{3C590902-8BA6-4EEA-8DFD-8DB329C3E4B2}.Release|Any CPU.ActiveCfg = Release|Any CPU
		{3C590902-8BA6-4EEA-8DFD-8DB329C3E4B2}.Release|Any CPU.Build.0 = Release|Any CPU
		{D3A871B0-A1E6-487F-9391-63DA02F475E2}.Debug|Any CPU.ActiveCfg = Debug
		{D3A871B0-A1E6-487F-9391-63DA02F475E2}.Release|Any CPU.ActiveCfg = Release
	EndGlobalSection
	GlobalSection(SolutionProperties) = preSolution
		HideSolutionNode = FALSE
	EndGlobalSection
	GlobalSection(ExtensibilityGlobals) = postSolution
		SolutionGuid = {636C6AE1-094C-46B1-ABB0-B6C592DC720B}
	EndGlobalSection
EndGlobal
